
Microsoft Visual Studio Solution File, Format Version 12.00
Project("{FAE04EC0-301F-11D3-BF4B-00C04F79EFBC}") = "NekoLib", "NekoLib\NekoLib.csproj", "{C13B2802-3108-4BE0-8E6B-719893C1AF02}"
EndProject
Project("{FAE04EC0-301F-11D3-BF4B-00C04F79EFBC}") = "NekoLib.Analyzers", "NekoLib.Analyzers\NekoLib.Analyzers.csproj", "{32C9B0C7-F94E-4F0D-AEC0-33D89D18F37E}"
EndProject
Global
	GlobalSection(SolutionConfigurationPlatforms) = preSolution
		Debug|Any CPU = Debug|Any CPU
		Release|Any CPU = Release|Any CPU
	EndGlobalSection
	GlobalSection(ProjectConfigurationPlatforms) = postSolution
		{C13B2802-3108-4BE0-8E6B-719893C1AF02}.Debug|Any CPU.ActiveCfg = Debug|Any CPU
		{C13B2802-3108-4BE0-8E6B-719893C1AF02}.Debug|Any CPU.Build.0 = Debug|Any CPU
		{C13B2802-3108-4BE0-8E6B-719893C1AF02}.Release|Any CPU.ActiveCfg = Release|Any CPU
		{C13B2802-3108-4BE0-8E6B-719893C1AF02}.Release|Any CPU.Build.0 = Release|Any CPU
		{32C9B0C7-F94E-4F0D-AEC0-33D89D18F37E}.Debug|Any CPU.ActiveCfg = Debug|Any CPU
		{32C9B0C7-F94E-4F0D-AEC0-33D89D18F37E}.Debug|Any CPU.Build.0 = Debug|Any CPU
		{32C9B0C7-F94E-4F0D-AEC0-33D89D18F37E}.Release|Any CPU.ActiveCfg = Release|Any CPU
		{32C9B0C7-F94E-4F0D-AEC0-33D89D18F37E}.Release|Any CPU.Build.0 = Release|Any CPU
	EndGlobalSection
EndGlobal
